dependencies:
- name: ingress-nginx
  repository: https://kubernetes.github.io/ingress-nginx
  version: 4.10.0
- name: cert-manager
  repository: https://charts.jetstack.io
  version: v1.14.3
- name: metrics-server
  repository: https://kubernetes-sigs.github.io/metrics-server/
  version: 3.12.0
digest: sha256:a8cc1da99df78d832d21f549a09a829fbb816039acf411c5b027767fed59ba3c
generated: "2024-04-04T20:37:27.988978+09:00"
